<?xml version="1.0" encoding="utf-8"?>
<Project ToolsVersion="4.0" xmlns="http://schemas.microsoft.com/developer/msbuild/2003">
  <ItemGroup>
    <Filter Include="Source Files">
      <UniqueIdentifier>{4FC737F1-C7A5-4376-A066-2A32D752A2FF}</UniqueIdentifier>
      <Extensions>cpp;c;cc;cxx;c++;cppm;ixx;def;odl;idl;hpj;bat;asm;asmx</Extensions>
    </Filter>
    <Filter Include="Header Files">
      <UniqueIdentifier>{93995380-89BD-4b04-88EB-625FBE52EBFB}</UniqueIdentifier>
      <Extensions>h;hh;hpp;hxx;h++;hm;inl;inc;ipp;xsd</Extensions>
    </Filter>
    <Filter Include="Resource Files">
      <UniqueIdentifier>{67DA6AB6-F800-4c08-8B7A-83BB121AAD01}</UniqueIdentifier>
      <Extensions>rc;ico;cur;bmp;dlg;rc2;rct;bin;rgs;gif;jpg;jpeg;jpe;resx;tiff;tif;png;wav;mfcribbon-ms</Extensions>
    </Filter>
    <Filter Include="Discord">
      <UniqueIdentifier>{8fb9602a-64f6-4e4f-a260-f27ff61c2557}</UniqueIdentifier>
    </Filter>
    <Filter Include="Discord\Header">
      <UniqueIdentifier>{bbcdc2ec-3ea4-43c2-a8fa-ced838cb0af6}</UniqueIdentifier>
    </Filter>
    <Filter Include="Discord\Source">
      <UniqueIdentifier>{b20939ab-d63b-4446-b57b-e704826d36c9}</UniqueIdentifier>
    </Filter>
  </ItemGroup>
  <ItemGroup>
    <ClCompile Include="dllmain.cpp">
      <Filter>Source Files</Filter>
    </ClCompile>
    <ClCompile Include="FPSBreaker.cpp">
      <Filter>Source Files</Filter>
    </ClCompile>
    <ClCompile Include="memscan.cpp">
      <Filter>Source Files</Filter>
    </ClCompile>
    <ClCompile Include="Discord.cpp">
      <Filter>Source Files</Filter>
    </ClCompile>
    <ClCompile Include="Discord\discord_rpc.cpp">
      <Filter>Discord\Source</Filter>
    </ClCompile>
    <ClCompile Include="Discord\rpc_connection.cpp">
      <Filter>Discord\Source</Filter>
    </ClCompile>
    <ClCompile Include="Discord\serialization.cpp">
      <Filter>Discord\Source</Filter>
    </ClCompile>
    <ClCompile Include="Discord\connection_win.cpp">
      <Filter>Discord\Source</Filter>
    </ClCompile>
    <ClCompile Include="Discord\discord_register_win.cpp">
      <Filter>Discord\Source</Filter>
    </ClCompile>
  </ItemGroup>
  <ItemGroup>
    <ClInclude Include="FPSBreaker.h">
      <Filter>Header Files</Filter>
    </ClInclude>
    <ClInclude Include="memscan.h">
      <Filter>Header Files</Filter>
    </ClInclude>
    <ClInclude Include="Discord.h">
      <Filter>Header Files</Filter>
    </ClInclude>
    <ClInclude Include="Discord\msg_queue.h">
      <Filter>Discord\Header</Filter>
    </ClInclude>
    <ClInclude Include="Discord\rpc_connection.h">
      <Filter>Discord\Header</Filter>
    </ClInclude>
    <ClInclude Include="Discord\serialization.h">
      <Filter>Discord\Header</Filter>
    </ClInclude>
    <ClInclude Include="Discord\backoff.h">
      <Filter>Discord\Header</Filter>
    </ClInclude>
    <ClInclude Include="Discord\connection.h">
      <Filter>Discord\Header</Filter>
    </ClInclude>
    <ClInclude Include="Discord\discord_register.h">
      <Filter>Discord\Header</Filter>
    </ClInclude>
    <ClInclude Include="Discord\discord_rpc.h">
      <Filter>Discord\Header</Filter>
    </ClInclude>
  </ItemGroup>
</Project>